schema: '2.0'
stages:
  train:
    cmd: python scripts/train.py
    deps:
    - path: config.py
      hash: md5
      md5: 2798213f574f748651df02905a212994
      size: 4112
    - path: data/customer_segmentation.csv
      hash: md5
      md5: d732c77739db14936987f6f6fbd0e770
      size: 220188
    - path: scripts/train.py
      hash: md5
      md5: 4bf9e6f5c2c9fe91ffb44faf841f21fd
      size: 1369
    - path: src/data/loader.py
      hash: md5
      md5: a54248e63c3c161d1e6dc4b775c88110
      size: 2263
    - path: src/features/engineer.py
      hash: md5
      md5: ea366d43b0ca1ef78ddffb435439d2e4
      size: 2576
    - path: src/models/train.py
      hash: md5
      md5: 388755f1881208156ff3970e9eb32e6e
      size: 9866
    - path: src/pipeline.py
      hash: md5
      md5: aa852e84fbe6aee035bc3152e41d0092
      size: 2792
    outs:
    - path: models/segmentation_pipeline.pkl
      hash: md5
      md5: 7d17c5a9d27cd222bfc38f9ef22da2a1
      size: 12841
    - path: models/training_metrics.json
      hash: md5
      md5: 5638e9af0c93a2e47d33628bb03f8aa4
      size: 689
